
Microsoft Visual Studio Solution File, Format Version 12.00
# Visual Studio Version 17
VisualStudioVersion = 17.8.34309.116
MinimumVisualStudioVersion = 10.0.40219.1
Project("{2150E333-8FDC-42A3-9474-1A3956D46DE8}") = "Database", "Database", "{7B206CBE-AAD5-42E5-98C8-428DCCBFE992}"
EndProject
Project("{00D1A9C2-B5F0-4AF3-8072-F6C62B433612}") = "Fabulous.MyMeetings.Database", "Database\Fabulous.MyMeetings.Database\Fabulous.MyMeetings.Database.sqlproj", "{A0D5336D-BAC8-4718-8F98-0A9954F5FF78}"
EndProject
Project("{9A19103F-16F7-4668-BE54-9A1E7A4F7556}") = "Fabulous.MyMeetings.Database.Build", "Database\Fabulous.MyMeetings.Database.Build\Fabulous.MyMeetings.Database.Build.csproj", "{CD1A25BC-1645-4E8D-97CB-246E9678A7E9}"
EndProject
Project("{9A19103F-16F7-4668-BE54-9A1E7A4F7556}") = "DatabaseMigrator", "Database\DatabaseMigrator\DatabaseMigrator.csproj", "{1846B910-286E-4E83-B663-261BA414A6F6}"
EndProject
Project("{9A19103F-16F7-4668-BE54-9A1E7A4F7556}") = "_build", "..\build\_build.csproj", "{C72D1736-0B91-4EBC-8EF6-BBC4526FDE94}"
EndProject
Project("{9A19103F-16F7-4668-BE54-9A1E7A4F7556}") = "Fabulous.MyMeetings.BuildingBlocks.Domain", "BuildingBlocks\Fabulous.MyMeetings.BuildingBlocks.Domain\Fabulous.MyMeetings.BuildingBlocks.Domain.csproj", "{61C39C41-77FE-44B0-82B9-7582026AC6E2}"
EndProject
Project("{2150E333-8FDC-42A3-9474-1A3956D46DE8}") = "BuildingBlocks", "BuildingBlocks", "{F310D51B-A082-457A-A4B7-4C37FA0E8661}"
EndProject
Project("{2150E333-8FDC-42A3-9474-1A3956D46DE8}") = "Modules", "Modules", "{C0631F8B-2D86-49BA-9B56-DF6C7763724F}"
EndProject
Project("{2150E333-8FDC-42A3-9474-1A3956D46DE8}") = "UserAccess", "UserAccess", "{244160DA-3D8A-4F37-B154-2BD07547F800}"
EndProject
Project("{9A19103F-16F7-4668-BE54-9A1E7A4F7556}") = "Fabulous.MyMeetings.Modules.UserAccess.Domain", "Modules\UserAccess\Fabulous.MyMeetings.Modules.UserAccess.Domain\Fabulous.MyMeetings.Modules.UserAccess.Domain.csproj", "{7B44461E-0418-49A7-B023-BCCE49E95701}"
EndProject
Project("{9A19103F-16F7-4668-BE54-9A1E7A4F7556}") = "Fabulous.MyMeetings.BuildingBlocks.Infrastructure", "BuildingBlocks\Fabulous.MyMeetings.BuildingBlocks.Infrastructure\Fabulous.MyMeetings.BuildingBlocks.Infrastructure.csproj", "{B07CDCEA-7F2D-4C25-A911-FF89EA8C6548}"
EndProject
Project("{9A19103F-16F7-4668-BE54-9A1E7A4F7556}") = "Fabulous.MyMeetings.BuildingBlocks.Application", "BuildingBlocks\Fabulous.MyMeetings.BuildingBlocks.Application\Fabulous.MyMeetings.BuildingBlocks.Application.csproj", "{62273248-CCC0-4EDE-9A6D-ADABDCB878F5}"
EndProject
Project("{9A19103F-16F7-4668-BE54-9A1E7A4F7556}") = "Fabulous.MyMeetings.Modules.UserAccess.Application", "Modules\UserAccess\Fabulous.MyMeetings.Modules.UserAccess.Application\Fabulous.MyMeetings.Modules.UserAccess.Application.csproj", "{6D88DF04-B3CF-41D9-9A52-3E519D238DA4}"
EndProject
Project("{9A19103F-16F7-4668-BE54-9A1E7A4F7556}") = "Fabulous.MyMeetings.Modules.UserAccess.Infrastructure", "Modules\UserAccess\Fabulous.MyMeetings.Modules.UserAccess.Infrastructure\Fabulous.MyMeetings.Modules.UserAccess.Infrastructure.csproj", "{DF27A882-75C8-438E-9D5A-AF24B78B1156}"
EndProject
Project("{9A19103F-16F7-4668-BE54-9A1E7A4F7556}") = "Fabulous.MyMeetings.Api", "Fabulous.MyMeetings.Api\Fabulous.MyMeetings.Api.csproj", "{6B725F30-F561-4973-89A5-79FFFFB30C32}"
EndProject
Project("{9A19103F-16F7-4668-BE54-9A1E7A4F7556}") = "Fabulous.MyMeetings.Identity", "Fabulous.MyMeetings.Identity\Fabulous.MyMeetings.Identity.csproj", "{E837ABF8-6D4B-4136-8DBB-762C82A9517C}"
EndProject
Project("{2150E333-8FDC-42A3-9474-1A3956D46DE8}") = "UserRegistrations", "UserRegistrations", "{7571EF58-18A6-4C08-970A-F581112DD247}"
EndProject
Project("{9A19103F-16F7-4668-BE54-9A1E7A4F7556}") = "Fabulous.MyMeetings.Modules.UserRegistrations.Domain", "Modules\UserRegistrations\Fabulous.MyMeetings.Modules.UserRegistrations.Domain\Fabulous.MyMeetings.Modules.UserRegistrations.Domain.csproj", "{276E4B72-A764-4130-A01F-5CDD65F72BD5}"
EndProject
Project("{9A19103F-16F7-4668-BE54-9A1E7A4F7556}") = "Fabulous.MyMeetings.Modules.UserRegistrations.Application", "Modules\UserRegistrations\Fabulous.MyMeetings.Modules.UserRegistrations.Application\Fabulous.MyMeetings.Modules.UserRegistrations.Application.csproj", "{3032DD4B-BF10-40E9-9296-8D18288BD8DB}"
EndProject
Project("{9A19103F-16F7-4668-BE54-9A1E7A4F7556}") = "Fabulous.MyMeetings.Modules.UserRegistrations.IntegrationEvents", "Modules\UserRegistrations\Fabulous.MyMeetings.Modules.UserRegistrations.IntegrationEvents\Fabulous.MyMeetings.Modules.UserRegistrations.IntegrationEvents.csproj", "{3AEAF7DF-3ABF-48A0-A774-BA55F911326B}"
EndProject
Project("{9A19103F-16F7-4668-BE54-9A1E7A4F7556}") = "Fabulous.MyMeetings.Modules.UserRegistrations.Infrastructure", "Modules\UserRegistrations\Fabulous.MyMeetings.Modules.UserRegistrations.Infrastructure\Fabulous.MyMeetings.Modules.UserRegistrations.Infrastructure.csproj", "{8C9A634C-187A-4959-842C-7BDD66363BA7}"
EndProject
Project("{FAE04EC0-301F-11D3-BF4B-00C04F79EFBC}") = "DatabaseScriptCreator", "DatabaseSriptCreator\DatabaseScriptCreator.csproj", "{0B60D3C3-4C84-46E0-BE32-43E70DA8ECBB}"
EndProject
Project("{FAE04EC0-301F-11D3-BF4B-00C04F79EFBC}") = "Fabulous.MyMeetings.Scopes", "Fabulous.MyMeetings.Scopes\Fabulous.MyMeetings.Scopes.csproj", "{5CD6AF0F-631C-47CD-ACF2-949D453DDAEA}"
EndProject
Global
	GlobalSection(SolutionConfigurationPlatforms) = preSolution
		Debug|Any CPU = Debug|Any CPU
		Release|Any CPU = Release|Any CPU
	EndGlobalSection
	GlobalSection(ProjectConfigurationPlatforms) = postSolution
		{A0D5336D-BAC8-4718-8F98-0A9954F5FF78}.Debug|Any CPU.ActiveCfg = Debug|Any CPU
		{A0D5336D-BAC8-4718-8F98-0A9954F5FF78}.Debug|Any CPU.Deploy.0 = Debug|Any CPU
		{A0D5336D-BAC8-4718-8F98-0A9954F5FF78}.Release|Any CPU.ActiveCfg = Release|Any CPU
		{A0D5336D-BAC8-4718-8F98-0A9954F5FF78}.Release|Any CPU.Build.0 = Release|Any CPU
		{A0D5336D-BAC8-4718-8F98-0A9954F5FF78}.Release|Any CPU.Deploy.0 = Release|Any CPU
		{CD1A25BC-1645-4E8D-97CB-246E9678A7E9}.Debug|Any CPU.ActiveCfg = Debug|Any CPU
		{CD1A25BC-1645-4E8D-97CB-246E9678A7E9}.Debug|Any CPU.Build.0 = Debug|Any CPU
		{CD1A25BC-1645-4E8D-97CB-246E9678A7E9}.Release|Any CPU.ActiveCfg = Release|Any CPU
		{CD1A25BC-1645-4E8D-97CB-246E9678A7E9}.Release|Any CPU.Build.0 = Release|Any CPU
		{1846B910-286E-4E83-B663-261BA414A6F6}.Debug|Any CPU.ActiveCfg = Debug|Any CPU
		{1846B910-286E-4E83-B663-261BA414A6F6}.Debug|Any CPU.Build.0 = Debug|Any CPU
		{1846B910-286E-4E83-B663-261BA414A6F6}.Release|Any CPU.ActiveCfg = Release|Any CPU
		{1846B910-286E-4E83-B663-261BA414A6F6}.Release|Any CPU.Build.0 = Release|Any CPU
		{C72D1736-0B91-4EBC-8EF6-BBC4526FDE94}.Debug|Any CPU.ActiveCfg = Debug|Any CPU
		{C72D1736-0B91-4EBC-8EF6-BBC4526FDE94}.Release|Any CPU.ActiveCfg = Release|Any CPU
		{61C39C41-77FE-44B0-82B9-7582026AC6E2}.Debug|Any CPU.ActiveCfg = Debug|Any CPU
		{61C39C41-77FE-44B0-82B9-7582026AC6E2}.Debug|Any CPU.Build.0 = Debug|Any CPU
		{61C39C41-77FE-44B0-82B9-7582026AC6E2}.Release|Any CPU.ActiveCfg = Release|Any CPU
		{61C39C41-77FE-44B0-82B9-7582026AC6E2}.Release|Any CPU.Build.0 = Release|Any CPU
		{7B44461E-0418-49A7-B023-BCCE49E95701}.Debug|Any CPU.ActiveCfg = Debug|Any CPU
		{7B44461E-0418-49A7-B023-BCCE49E95701}.Debug|Any CPU.Build.0 = Debug|Any CPU
		{7B44461E-0418-49A7-B023-BCCE49E95701}.Release|Any CPU.ActiveCfg = Release|Any CPU
		{7B44461E-0418-49A7-B023-BCCE49E95701}.Release|Any CPU.Build.0 = Release|Any CPU
		{B07CDCEA-7F2D-4C25-A911-FF89EA8C6548}.Debug|Any CPU.ActiveCfg = Debug|Any CPU
		{B07CDCEA-7F2D-4C25-A911-FF89EA8C6548}.Debug|Any CPU.Build.0 = Debug|Any CPU
		{B07CDCEA-7F2D-4C25-A911-FF89EA8C6548}.Release|Any CPU.ActiveCfg = Release|Any CPU
		{B07CDCEA-7F2D-4C25-A911-FF89EA8C6548}.Release|Any CPU.Build.0 = Release|Any CPU
		{62273248-CCC0-4EDE-9A6D-ADABDCB878F5}.Debug|Any CPU.ActiveCfg = Debug|Any CPU
		{62273248-CCC0-4EDE-9A6D-ADABDCB878F5}.Debug|Any CPU.Build.0 = Debug|Any CPU
		{62273248-CCC0-4EDE-9A6D-ADABDCB878F5}.Release|Any CPU.ActiveCfg = Release|Any CPU
		{62273248-CCC0-4EDE-9A6D-ADABDCB878F5}.Release|Any CPU.Build.0 = Release|Any CPU
		{6D88DF04-B3CF-41D9-9A52-3E519D238DA4}.Debug|Any CPU.ActiveCfg = Debug|Any CPU
		{6D88DF04-B3CF-41D9-9A52-3E519D238DA4}.Debug|Any CPU.Build.0 = Debug|Any CPU
		{6D88DF04-B3CF-41D9-9A52-3E519D238DA4}.Release|Any CPU.ActiveCfg = Release|Any CPU
		{6D88DF04-B3CF-41D9-9A52-3E519D238DA4}.Release|Any CPU.Build.0 = Release|Any CPU
		{DF27A882-75C8-438E-9D5A-AF24B78B1156}.Debug|Any CPU.ActiveCfg = Debug|Any CPU
		{DF27A882-75C8-438E-9D5A-AF24B78B1156}.Debug|Any CPU.Build.0 = Debug|Any CPU
		{DF27A882-75C8-438E-9D5A-AF24B78B1156}.Release|Any CPU.ActiveCfg = Release|Any CPU
		{DF27A882-75C8-438E-9D5A-AF24B78B1156}.Release|Any CPU.Build.0 = Release|Any CPU
		{6B725F30-F561-4973-89A5-79FFFFB30C32}.Debug|Any CPU.ActiveCfg = Debug|Any CPU
		{6B725F30-F561-4973-89A5-79FFFFB30C32}.Debug|Any CPU.Build.0 = Debug|Any CPU
		{6B725F30-F561-4973-89A5-79FFFFB30C32}.Release|Any CPU.ActiveCfg = Release|Any CPU
		{6B725F30-F561-4973-89A5-79FFFFB30C32}.Release|Any CPU.Build.0 = Release|Any CPU
		{E837ABF8-6D4B-4136-8DBB-762C82A9517C}.Debug|Any CPU.ActiveCfg = Debug|Any CPU
		{E837ABF8-6D4B-4136-8DBB-762C82A9517C}.Debug|Any CPU.Build.0 = Debug|Any CPU
		{E837ABF8-6D4B-4136-8DBB-762C82A9517C}.Release|Any CPU.ActiveCfg = Release|Any CPU
		{E837ABF8-6D4B-4136-8DBB-762C82A9517C}.Release|Any CPU.Build.0 = Release|Any CPU
		{276E4B72-A764-4130-A01F-5CDD65F72BD5}.Debug|Any CPU.ActiveCfg = Debug|Any CPU
		{276E4B72-A764-4130-A01F-5CDD65F72BD5}.Debug|Any CPU.Build.0 = Debug|Any CPU
		{276E4B72-A764-4130-A01F-5CDD65F72BD5}.Release|Any CPU.ActiveCfg = Release|Any CPU
		{276E4B72-A764-4130-A01F-5CDD65F72BD5}.Release|Any CPU.Build.0 = Release|Any CPU
		{3032DD4B-BF10-40E9-9296-8D18288BD8DB}.Debug|Any CPU.ActiveCfg = Debug|Any CPU
		{3032DD4B-BF10-40E9-9296-8D18288BD8DB}.Debug|Any CPU.Build.0 = Debug|Any CPU
		{3032DD4B-BF10-40E9-9296-8D18288BD8DB}.Release|Any CPU.ActiveCfg = Release|Any CPU
		{3032DD4B-BF10-40E9-9296-8D18288BD8DB}.Release|Any CPU.Build.0 = Release|Any CPU
		{3AEAF7DF-3ABF-48A0-A774-BA55F911326B}.Debug|Any CPU.ActiveCfg = Debug|Any CPU
		{3AEAF7DF-3ABF-48A0-A774-BA55F911326B}.Debug|Any CPU.Build.0 = Debug|Any CPU
		{3AEAF7DF-3ABF-48A0-A774-BA55F911326B}.Release|Any CPU.ActiveCfg = Release|Any CPU
		{3AEAF7DF-3ABF-48A0-A774-BA55F911326B}.Release|Any CPU.Build.0 = Release|Any CPU
		{8C9A634C-187A-4959-842C-7BDD66363BA7}.Debug|Any CPU.ActiveCfg = Debug|Any CPU
		{8C9A634C-187A-4959-842C-7BDD66363BA7}.Debug|Any CPU.Build.0 = Debug|Any CPU
		{8C9A634C-187A-4959-842C-7BDD66363BA7}.Release|Any CPU.ActiveCfg = Release|Any CPU
		{8C9A634C-187A-4959-842C-7BDD66363BA7}.Release|Any CPU.Build.0 = Release|Any CPU
		{0B60D3C3-4C84-46E0-BE32-43E70DA8ECBB}.Debug|Any CPU.ActiveCfg = Debug|Any CPU
		{0B60D3C3-4C84-46E0-BE32-43E70DA8ECBB}.Debug|Any CPU.Build.0 = Debug|Any CPU
		{0B60D3C3-4C84-46E0-BE32-43E70DA8ECBB}.Release|Any CPU.ActiveCfg = Release|Any CPU
		{0B60D3C3-4C84-46E0-BE32-43E70DA8ECBB}.Release|Any CPU.Build.0 = Release|Any CPU
		{5CD6AF0F-631C-47CD-ACF2-949D453DDAEA}.Debug|Any CPU.ActiveCfg = Debug|Any CPU
		{5CD6AF0F-631C-47CD-ACF2-949D453DDAEA}.Debug|Any CPU.Build.0 = Debug|Any CPU
		{5CD6AF0F-631C-47CD-ACF2-949D453DDAEA}.Release|Any CPU.ActiveCfg = Release|Any CPU
		{5CD6AF0F-631C-47CD-ACF2-949D453DDAEA}.Release|Any CPU.Build.0 = Release|Any CPU
	EndGlobalSection
	GlobalSection(SolutionProperties) = preSolution
		HideSolutionNode = FALSE
	EndGlobalSection
	GlobalSection(NestedProjects) = preSolution
		{A0D5336D-BAC8-4718-8F98-0A9954F5FF78} = {7B206CBE-AAD5-42E5-98C8-428DCCBFE992}
		{CD1A25BC-1645-4E8D-97CB-246E9678A7E9} = {7B206CBE-AAD5-42E5-98C8-428DCCBFE992}
		{1846B910-286E-4E83-B663-261BA414A6F6} = {7B206CBE-AAD5-42E5-98C8-428DCCBFE992}
		{61C39C41-77FE-44B0-82B9-7582026AC6E2} = {F310D51B-A082-457A-A4B7-4C37FA0E8661}
		{244160DA-3D8A-4F37-B154-2BD07547F800} = {C0631F8B-2D86-49BA-9B56-DF6C7763724F}
		{7B44461E-0418-49A7-B023-BCCE49E95701} = {244160DA-3D8A-4F37-B154-2BD07547F800}
		{B07CDCEA-7F2D-4C25-A911-FF89EA8C6548} = {F310D51B-A082-457A-A4B7-4C37FA0E8661}
		{62273248-CCC0-4EDE-9A6D-ADABDCB878F5} = {F310D51B-A082-457A-A4B7-4C37FA0E8661}
		{6D88DF04-B3CF-41D9-9A52-3E519D238DA4} = {244160DA-3D8A-4F37-B154-2BD07547F800}
		{DF27A882-75C8-438E-9D5A-AF24B78B1156} = {244160DA-3D8A-4F37-B154-2BD07547F800}
		{7571EF58-18A6-4C08-970A-F581112DD247} = {C0631F8B-2D86-49BA-9B56-DF6C7763724F}
		{276E4B72-A764-4130-A01F-5CDD65F72BD5} = {7571EF58-18A6-4C08-970A-F581112DD247}
		{3032DD4B-BF10-40E9-9296-8D18288BD8DB} = {7571EF58-18A6-4C08-970A-F581112DD247}
		{3AEAF7DF-3ABF-48A0-A774-BA55F911326B} = {7571EF58-18A6-4C08-970A-F581112DD247}
		{8C9A634C-187A-4959-842C-7BDD66363BA7} = {7571EF58-18A6-4C08-970A-F581112DD247}
		{0B60D3C3-4C84-46E0-BE32-43E70DA8ECBB} = {7B206CBE-AAD5-42E5-98C8-428DCCBFE992}
	EndGlobalSection
	GlobalSection(ExtensibilityGlobals) = postSolution
		SolutionGuid = {E6B5FA62-B2BD-4FDE-ADCB-6465060FD880}
	EndGlobalSection
EndGlobal
